
Microsoft Visual Studio Solution File, Format Version 12.00
# Visual Studio Version 16
VisualStudioVersion = 16.0.30001.183
MinimumVisualStudioVersion = 10.0.40219.1
Project("{9A19103F-16F7-4668-BE54-9A1E7A4F7556}") = "iqfeed-keep-alive", "iqfeed-keep-alive.csproj", "{6B272BA2-4B90-43E4-8B67-E4CD41EAB798}"
EndProject
Project("{FAE04EC0-301F-11D3-BF4B-00C04F79EFBC}") = "tests", "tests\tests.csproj", "{BE76D656-CA10-4DB9-8BFD-002BCC58E7DD}"
EndProject
Global
	GlobalSection(SolutionConfigurationPlatforms) = preSolution
		Debug|Any CPU = Debug|Any CPU
		Release|Any CPU = Release|Any CPU
	EndGlobalSection
	GlobalSection(ProjectConfigurationPlatforms) = postSolution
		{6B272BA2-4B90-43E4-8B67-E4CD41EAB798}.Debug|Any CPU.ActiveCfg = Debug|Any CPU
		{6B272BA2-4B90-43E4-8B67-E4CD41EAB798}.Debug|Any CPU.Build.0 = Debug|Any CPU
		{6B272BA2-4B90-43E4-8B67-E4CD41EAB798}.Release|Any CPU.ActiveCfg = Release|Any CPU
		{6B272BA2-4B90-43E4-8B67-E4CD41EAB798}.Release|Any CPU.Build.0 = Release|Any CPU
		{BE76D656-CA10-4DB9-8BFD-002BCC58E7DD}.Debug|Any CPU.ActiveCfg = Debug|Any CPU
		{BE76D656-CA10-4DB9-8BFD-002BCC58E7DD}.Debug|Any CPU.Build.0 = Debug|Any CPU
		{BE76D656-CA10-4DB9-8BFD-002BCC58E7DD}.Release|Any CPU.ActiveCfg = Release|Any CPU
		{BE76D656-CA10-4DB9-8BFD-002BCC58E7DD}.Release|Any CPU.Build.0 = Release|Any CPU
	EndGlobalSection
	GlobalSection(SolutionProperties) = preSolution
		HideSolutionNode = FALSE
	EndGlobalSection
	GlobalSection(ExtensibilityGlobals) = postSolution
		SolutionGuid = {827B5AE4-77DC-4F31-9D2B-519B577E0070}
	EndGlobalSection
EndGlobal
